<?xml version="1.0" encoding="utf-8"?>
<Project ToolsVersion="4.0" xmlns="http://schemas.microsoft.com/developer/msbuild/2003">
  <ItemGroup>
    <Filter Include="Source Files">
      <UniqueIdentifier>{4FC737F1-C7A5-4376-A066-2A32D752A2FF}</UniqueIdentifier>
      <Extensions>cpp;c;cc;cxx;def;odl;idl;hpj;bat;asm;asmx</Extensions>
    </Filter>
    <Filter Include="Header Files">
      <UniqueIdentifier>{93995380-89BD-4b04-88EB-625FBE52EBFB}</UniqueIdentifier>
      <Extensions>h;hh;hpp;hxx;hm;inl;inc;xsd</Extensions>
    </Filter>
    <Filter Include="Resource Files">
      <UniqueIdentifier>{67DA6AB6-F800-4c08-8B7A-83BB121AAD01}</UniqueIdentifier>
      <Extensions>rc;ico;cur;bmp;dlg;rc2;rct;bin;rgs;gif;jpg;jpeg;jpe;resx;tiff;tif;png;wav;mfcribbon-ms</Extensions>
    </Filter>
    <Filter Include="Source Files\amd64">
      <UniqueIdentifier>{8d77a827-bdc1-47fe-973a-d90c8779da50}</UniqueIdentifier>
    </Filter>
    <Filter Include="Source Files\LIBC">
      <UniqueIdentifier>{7d45792e-8fc8-4b0b-a729-d8c817122ed8}</UniqueIdentifier>
    </Filter>
    <Filter Include="Source Files\IMPL">
      <UniqueIdentifier>{7ed3ee1c-3d23-47b7-92f6-4294812b1437}</UniqueIdentifier>
    </Filter>
  </ItemGroup>
  <ItemGroup>
    <Text Include="ReadMe.txt" />
  </ItemGroup>
  <ItemGroup>
    <ClCompile Include="src\heap.cpp">
      <Filter>Source Files\IMPL</Filter>
    </ClCompile>
    <ClCompile Include="src\pool.cpp">
      <Filter>Source Files\IMPL</Filter>
    </ClCompile>
    <ClCompile Include="src\assert.cpp">
      <Filter>Source Files\LIBC</Filter>
    </ClCompile>
    <ClCompile Include="src\cpp.cpp">
      <Filter>Source Files\LIBC</Filter>
    </ClCompile>
    <ClCompile Include="src\libc.cpp">
      <Filter>Source Files\LIBC</Filter>
    </ClCompile>
    <ClCompile Include="src\stdExc.cpp">
      <Filter>Source Files\LIBC</Filter>
    </ClCompile>
  </ItemGroup>
  <ItemGroup>
    <ClInclude Include="src\cpp.h">
      <Filter>Header Files</Filter>
    </ClInclude>
    <ClInclude Include="src\libc.h">
      <Filter>Header Files</Filter>
    </ClInclude>
    <ClInclude Include="src\heap.h">
      <Filter>Source Files\IMPL</Filter>
    </ClInclude>
    <ClInclude Include="src\pool.h">
      <Filter>Source Files\IMPL</Filter>
    </ClInclude>
  </ItemGroup>
  <ItemGroup>
    <MASM Include="src\amd64\exc.asm">
      <Filter>Source Files\amd64</Filter>
    </MASM>
    <MASM Include="src\amd64\cc.asm">
      <Filter>Source Files\amd64</Filter>
    </MASM>
  </ItemGroup>
</Project>